
Microsoft Visual Studio Solution File, Format Version 12.00
# Visual Studio Version 18
VisualStudioVersion = 18.6.11819.183 stable
MinimumVisualStudioVersion = 10.0.40219.1
Project("{FAE04EC0-301F-11D3-BF4B-00C04F79EFBC}") = "TaskBoard", "TaskBoard\TaskBoard.csproj", "{33FCD446-5647-4216-B3FC-CAF2C99825F1}"
EndProject
Project("{FAE04EC0-301F-11D3-BF4B-00C04F79EFBC}") = "HashGen", "HashGen\HashGen.csproj", "{5660EAF1-A8A7-5052-B106-D43A3E2DB2F2}"
EndProject
Global
	GlobalSection(SolutionConfigurationPlatforms) = preSolution
		Debug|Any CPU = Debug|Any CPU
		Release|Any CPU = Release|Any CPU
	EndGlobalSection
	GlobalSection(ProjectConfigurationPlatforms) = postSolution
		{33FCD446-5647-4216-B3FC-CAF2C99825F1}.Debug|Any CPU.ActiveCfg = Debug|Any CPU
		{33FCD446-5647-4216-B3FC-CAF2C99825F1}.Debug|Any CPU.Build.0 = Debug|Any CPU
		{33FCD446-5647-4216-B3FC-CAF2C99825F1}.Release|Any CPU.ActiveCfg = Release|Any CPU
		{33FCD446-5647-4216-B3FC-CAF2C99825F1}.Release|Any CPU.Build.0 = Release|Any CPU
		{5660EAF1-A8A7-5052-B106-D43A3E2DB2F2}.Debug|Any CPU.ActiveCfg = Debug|Any CPU
		{5660EAF1-A8A7-5052-B106-D43A3E2DB2F2}.Debug|Any CPU.Build.0 = Debug|Any CPU
		{5660EAF1-A8A7-5052-B106-D43A3E2DB2F2}.Release|Any CPU.ActiveCfg = Release|Any CPU
		{5660EAF1-A8A7-5052-B106-D43A3E2DB2F2}.Release|Any CPU.Build.0 = Release|Any CPU
	EndGlobalSection
	GlobalSection(SolutionProperties) = preSolution
		HideSolutionNode = FALSE
	EndGlobalSection
	GlobalSection(ExtensibilityGlobals) = postSolution
		SolutionGuid = {46E434D9-C258-4CDA-B121-920EA02AA337}
	EndGlobalSection
EndGlobal
